
Microsoft Visual Studio Solution File, Format Version 12.00
# Visual Studio 15
VisualStudioVersion = 15.0.28010.2003
MinimumVisualStudioVersion = 10.0.40219.1
Project("{8BC9CEB8-8B4A-11D0-8D11-00A0C91BC942}") = "AppContainerWrapper", "AppContainerWrapper.vcxproj", "{665F68C3-F06B-4736-8D7F-997E298D0AA9}"
EndProject
Project("{8BC9CEB8-8B4A-11D0-8D11-00A0C91BC942}") = "AppContainerTests", "..\AppContainerTests\AppContainerTests.vcxproj", "{9AE53987-3D64-4DD6-9C6C-FC8E765B5C22}"
EndProject
Global
	GlobalSection(SolutionConfigurationPlatforms) = preSolution
		Debug|x64 = Debug|x64
		Debug|x86 = Debug|x86
		Release|x64 = Release|x64
		Release|x86 = Release|x86
	EndGlobalSection
	GlobalSection(ProjectConfigurationPlatforms) = postSolution
		{665F68C3-F06B-4736-8D7F-997E298D0AA9}.Debug|x64.ActiveCfg = Debug|x64
		{665F68C3-F06B-4736-8D7F-997E298D0AA9}.Debug|x64.Build.0 = Debug|x64
		{665F68C3-F06B-4736-8D7F-997E298D0AA9}.Debug|x86.ActiveCfg = Debug|Win32
		{665F68C3-F06B-4736-8D7F-997E298D0AA9}.Debug|x86.Build.0 = Debug|Win32
		{665F68C3-F06B-4736-8D7F-997E298D0AA9}.Release|x64.ActiveCfg = Release|x64
		{665F68C3-F06B-4736-8D7F-997E298D0AA9}.Release|x64.Build.0 = Release|x64
		{665F68C3-F06B-4736-8D7F-997E298D0AA9}.Release|x86.ActiveCfg = Release|Win32
		{665F68C3-F06B-4736-8D7F-997E298D0AA9}.Release|x86.Build.0 = Release|Win32
		{9AE53987-3D64-4DD6-9C6C-FC8E765B5C22}.Debug|x64.ActiveCfg = Debug|x64
		{9AE53987-3D64-4DD6-9C6C-FC8E765B5C22}.Debug|x64.Build.0 = Debug|x64
		{9AE53987-3D64-4DD6-9C6C-FC8E765B5C22}.Debug|x86.ActiveCfg = Debug|Win32
		{9AE53987-3D64-4DD6-9C6C-FC8E765B5C22}.Debug|x86.Build.0 = Debug|Win32
		{9AE53987-3D64-4DD6-9C6C-FC8E765B5C22}.Release|x64.ActiveCfg = Release|x64
		{9AE53987-3D64-4DD6-9C6C-FC8E765B5C22}.Release|x64.Build.0 = Release|x64
		{9AE53987-3D64-4DD6-9C6C-FC8E765B5C22}.Release|x86.ActiveCfg = Release|Win32
		{9AE53987-3D64-4DD6-9C6C-FC8E765B5C22}.Release|x86.Build.0 = Release|Win32
	EndGlobalSection
	GlobalSection(SolutionProperties) = preSolution
		HideSolutionNode = FALSE
	EndGlobalSection
	GlobalSection(ExtensibilityGlobals) = postSolution
		SolutionGuid = {894BE206-0F3C-4819-A412-21ADABC45F2B}
	EndGlobalSection
EndGlobal
